// !$*UTF8*$!
{
	archiveVersion = 1;
	classes = {
	};
	objectVersion = 77;
	objects = {

/* Begin PBXBuildFile section */
		A3BF00012F60000000000001 /* SwayCore in Frameworks */ = {isa = PBXBuildFile; productRef = A3PD00012F60000000000001 /* SwayCore */; };
		A3BF00022F60000000000001 /* SwayCapture in Frameworks */ = {isa = PBXBuildFile; productRef = A3PD00022F60000000000001 /* SwayCapture */; };
		A3BF00032F60000000000001 /* SwayCalibration in Frameworks */ = {isa = PBXBuildFile; productRef = A3PD00032F60000000000001 /* SwayCalibration */; };
		A3BF00042F60000000000001 /* SwayFastTier in Frameworks */ = {isa = PBXBuildFile; productRef = A3PD00042F60000000000001 /* SwayFastTier */; };
		A3BF00052F60000000000001 /* SwayGuidance in Frameworks */ = {isa = PBXBuildFile; productRef = A3PD00052F60000000000001 /* SwayGuidance */; };
		A3BF00062F60000000000001 /* SwayUpload in Frameworks */ = {isa = PBXBuildFile; productRef = A3PD00062F60000000000001 /* SwayUpload */; };
		A3BF00072F60000000000001 /* SwayReplay in Frameworks */ = {isa = PBXBuildFile; productRef = A3PD00072F60000000000001 /* SwayReplay */; };
/* End PBXBuildFile section */

/* Begin PBXFileReference section */
		A3FR00012F60000000000001 /* SwayBody.app */ = {isa = PBXFileReference; explicitFileType = wrapper.application; includeInIndex = 0; path = SwayBody.app; sourceTree = BUILT_PRODUCTS_DIR; };
/* End PBXFileReference section */

/* Begin PBXFileSystemSynchronizedBuildFileExceptionSet section */
		A3EX00012F60000000000001 /* Exceptions for "App" folder in "SwayBody" target */ = {
			isa = PBXFileSystemSynchronizedBuildFileExceptionSet;
			membershipExceptions = (
				Info.plist,
			);
			target = A3TG00012F60000000000001 /* SwayBody */;
		};
/* End PBXFileSystemSynchronizedBuildFileExceptionSet section */

/* Begin PBXFileSystemSynchronizedRootGroup section */
		A3RG00012F60000000000001 /* App */ = {
			isa = PBXFileSystemSynchronizedRootGroup;
			exceptions = (
				A3EX00012F60000000000001 /* Exceptions for "App" folder in "SwayBody" target */,
			);
			path = App;
			sourceTree = "<group>";
		};
/* End PBXFileSystemSynchronizedRootGroup section */

/* Begin PBXFrameworksBuildPhase section */
		A3BP00022F60000000000001 /* Frameworks */ = {
			isa = PBXFrameworksBuildPhase;
			buildActionMask = 2147483647;
			files = (
				A3BF00012F60000000000001 /* SwayCore in Frameworks */,
				A3BF00022F60000000000001 /* SwayCapture in Frameworks */,
				A3BF00032F60000000000001 /* SwayCalibration in Frameworks */,
				A3BF00042F60000000000001 /* SwayFastTier in Frameworks */,
				A3BF00052F60000000000001 /* SwayGuidance in Frameworks */,
				A3BF00062F60000000000001 /* SwayUpload in Frameworks */,
				A3BF00072F60000000000001 /* SwayReplay in Frameworks */,
			);
			runOnlyForDeploymentPostprocessing = 0;
		};
/* End PBXFrameworksBuildPhase section */

/* Begin PBXGroup section */
		A3GR00012F60000000000001 = {
			isa = PBXGroup;
			children = (
				A3RG00012F60000000000001 /* App */,
				A3GR00022F60000000000001 /* Products */,
			);
			sourceTree = "<group>";
		};
		A3GR00022F60000000000001 /* Products */ = {
			isa = PBXGroup;
			children = (
				A3FR00012F60000000000001 /* SwayBody.app */,
			);
			name = Products;
			sourceTree = "<group>";
		};
/* End PBXGroup section */

/* Begin PBXNativeTarget section */
		A3TG00012F60000000000001 /* SwayBody */ = {
			isa = PBXNativeTarget;
			buildConfigurationList = A3CL00022F60000000000001 /* Build configuration list for PBXNativeTarget "SwayBody" */;
			buildPhases = (
				A3BP00012F60000000000001 /* Sources */,
				A3BP00022F60000000000001 /* Frameworks */,
				A3BP00032F60000000000001 /* Resources */,
			);
			buildRules = (
			);
			dependencies = (
			);
			fileSystemSynchronizedGroups = (
				A3RG00012F60000000000001 /* App */,
			);
			name = SwayBody;
			packageProductDependencies = (
				A3PD00012F60000000000001 /* SwayCore */,
				A3PD00022F60000000000001 /* SwayCapture */,
				A3PD00032F60000000000001 /* SwayCalibration */,
				A3PD00042F60000000000001 /* SwayFastTier */,
				A3PD00052F60000000000001 /* SwayGuidance */,
				A3PD00062F60000000000001 /* SwayUpload */,
				A3PD00072F60000000000001 /* SwayReplay */,
			);
			productName = SwayBody;
			productReference = A3FR00012F60000000000001 /* SwayBody.app */;
			productType = "com.apple.product-type.application";
		};
/* End PBXNativeTarget section */

/* Begin PBXProject section */
		A3PR00012F60000000000001 /* Project object */ = {
			isa = PBXProject;
			attributes = {
				BuildIndependentTargetsInParallel = 1;
				LastSwiftUpdateCheck = 2650;
				LastUpgradeCheck = 2650;
				TargetAttributes = {
					A3TG00012F60000000000001 = {
						CreatedOnToolsVersion = 26.5;
					};
				};
			};
			buildConfigurationList = A3CL00012F60000000000001 /* Build configuration list for PBXProject "SwayBody" */;
			developmentRegion = en;
			hasScannedForEncodings = 0;
			knownRegions = (
				en,
				Base,
			);
			mainGroup = A3GR00012F60000000000001;
			minimizedProjectReferenceProxies = 1;
			packageReferences = (
				A3PK00012F60000000000001 /* XCLocalSwiftPackageReference "." */,
			);
			preferredProjectObjectVersion = 77;
			productRefGroup = A3GR00022F60000000000001 /* Products */;
			projectDirPath = "";
			projectRoot = "";
			targets = (
				A3TG00012F60000000000001 /* SwayBody */,
			);
		};
/* End PBXProject section */

/* Begin PBXResourcesBuildPhase section */
		A3BP00032F60000000000001 /* Resources */ = {
			isa = PBXResourcesBuildPhase;
			buildActionMask = 2147483647;
			files = (
			);
			runOnlyForDeploymentPostprocessing = 0;
		};
/* End PBXResourcesBuildPhase section */

/* Begin PBXSourcesBuildPhase section */
		A3BP00012F60000000000001 /* Sources */ = {
			isa = PBXSourcesBuildPhase;
			buildActionMask = 2147483647;
			files = (
			);
			runOnlyForDeploymentPostprocessing = 0;
		};
/* End PBXSourcesBuildPhase section */

/* Begin XCBuildConfiguration section */
		A3BC00012F60000000000001 /* Debug */ = {
			isa = XCBuildConfiguration;
			buildSettings = {
				ALWAYS_SEARCH_USER_PATHS = NO;
				CLANG_ANALYZER_NONNULL = YES;
				CLANG_ANALYZER_NUMBER_OBJECT_CONVERSION = YES_AGGRESSIVE;
				CLANG_CXX_LANGUAGE_STANDARD = "gnu++20";
				CLANG_ENABLE_MODULES = YES;
				CLANG_ENABLE_OBJC_ARC = YES;
				CLANG_ENABLE_OBJC_WEAK = YES;
				CLANG_WARN_QUOTED_INCLUDE_IN_FRAMEWORK_HEADER = YES;
				COPY_PHASE_STRIP = NO;
				DEBUG_INFORMATION_FORMAT = dwarf;
				ENABLE_STRICT_OBJC_MSGSEND = YES;
				ENABLE_TESTABILITY = YES;
				GCC_C_LANGUAGE_STANDARD = gnu17;
				GCC_NO_COMMON_BLOCKS = YES;
				GCC_OPTIMIZATION_LEVEL = 0;
				IPHONEOS_DEPLOYMENT_TARGET = 18.0;
				LOCALIZATION_PREFERS_STRING_CATALOGS = YES;
				MTL_ENABLE_DEBUG_INFO = INCLUDE_SOURCE;
				MTL_FAST_MATH = YES;
				ONLY_ACTIVE_ARCH = YES;
				SDKROOT = iphoneos;
				SWIFT_ACTIVE_COMPILATION_CONDITIONS = "DEBUG $(inherited)";
				SWIFT_OPTIMIZATION_LEVEL = "-Onone";
			};
			name = Debug;
		};
		A3BC00022F60000000000001 /* Release */ = {
			isa = XCBuildConfiguration;
			buildSettings = {
				ALWAYS_SEARCH_USER_PATHS = NO;
				CLANG_ANALYZER_NONNULL = YES;
				CLANG_ANALYZER_NUMBER_OBJECT_CONVERSION = YES_AGGRESSIVE;
				CLANG_CXX_LANGUAGE_STANDARD = "gnu++20";
				CLANG_ENABLE_MODULES = YES;
				CLANG_ENABLE_OBJC_ARC = YES;
				CLANG_ENABLE_OBJC_WEAK = YES;
				CLANG_WARN_QUOTED_INCLUDE_IN_FRAMEWORK_HEADER = YES;
				COPY_PHASE_STRIP = NO;
				DEBUG_INFORMATION_FORMAT = "dwarf-with-dsym";
				ENABLE_NS_ASSERTIONS = NO;
				ENABLE_STRICT_OBJC_MSGSEND = YES;
				GCC_C_LANGUAGE_STANDARD = gnu17;
				GCC_NO_COMMON_BLOCKS = YES;
				IPHONEOS_DEPLOYMENT_TARGET = 18.0;
				LOCALIZATION_PREFERS_STRING_CATALOGS = YES;
				MTL_ENABLE_DEBUG_INFO = NO;
				MTL_FAST_MATH = YES;
				SDKROOT = iphoneos;
				SWIFT_COMPILATION_MODE = wholemodule;
				VALIDATE_PRODUCT = YES;
			};
			name = Release;
		};
		A3BC00032F60000000000001 /* Debug */ = {
			isa = XCBuildConfiguration;
			buildSettings = {
				CODE_SIGN_STYLE = Automatic;
				CURRENT_PROJECT_VERSION = 1;
				ENABLE_PREVIEWS = YES;
				GENERATE_INFOPLIST_FILE = YES;
				INFOPLIST_FILE = App/Info.plist;
				INFOPLIST_KEY_CFBundleDisplayName = "Sway Body";
				INFOPLIST_KEY_NSCameraUsageDescription = "Sway Body needs camera access to record racket-sport practice clips.";
				INFOPLIST_KEY_NSMicrophoneUsageDescription = "Sway Body needs microphone access to record contact audio with practice clips.";
				INFOPLIST_KEY_UIApplicationSupportsIndirectInputEvents = YES;
				INFOPLIST_KEY_UISupportedInterfaceOrientations_iPad = "UIInterfaceOrientationLandscapeLeft UIInterfaceOrientationLandscapeRight";
				INFOPLIST_KEY_UISupportedInterfaceOrientations_iPhone = "UIInterfaceOrientationLandscapeLeft UIInterfaceOrientationLandscapeRight";
				IPHONEOS_DEPLOYMENT_TARGET = 18.0;
				LD_RUNPATH_SEARCH_PATHS = (
					"$(inherited)",
					"@executable_path/Frameworks",
				);
				MARKETING_VERSION = 0.1.0;
				PRODUCT_BUNDLE_IDENTIFIER = com.swaybody.pickleball;
				PRODUCT_NAME = "$(TARGET_NAME)";
				SWIFT_APPROACHABLE_CONCURRENCY = YES;
				SWIFT_DEFAULT_ACTOR_ISOLATION = MainActor;
				SWIFT_VERSION = 6.0;
				TARGETED_DEVICE_FAMILY = "1,2";
			};
			name = Debug;
		};
		A3BC00042F60000000000001 /* Release */ = {
			isa = XCBuildConfiguration;
			buildSettings = {
				CODE_SIGN_STYLE = Automatic;
				CURRENT_PROJECT_VERSION = 1;
				ENABLE_PREVIEWS = YES;
				GENERATE_INFOPLIST_FILE = YES;
				INFOPLIST_FILE = App/Info.plist;
				INFOPLIST_KEY_CFBundleDisplayName = "Sway Body";
				INFOPLIST_KEY_NSCameraUsageDescription = "Sway Body needs camera access to record racket-sport practice clips.";
				INFOPLIST_KEY_NSMicrophoneUsageDescription = "Sway Body needs microphone access to record contact audio with practice clips.";
				INFOPLIST_KEY_UIApplicationSupportsIndirectInputEvents = YES;
				INFOPLIST_KEY_UISupportedInterfaceOrientations_iPad = "UIInterfaceOrientationLandscapeLeft UIInterfaceOrientationLandscapeRight";
				INFOPLIST_KEY_UISupportedInterfaceOrientations_iPhone = "UIInterfaceOrientationLandscapeLeft UIInterfaceOrientationLandscapeRight";
				IPHONEOS_DEPLOYMENT_TARGET = 18.0;
				LD_RUNPATH_SEARCH_PATHS = (
					"$(inherited)",
					"@executable_path/Frameworks",
				);
				MARKETING_VERSION = 0.1.0;
				PRODUCT_BUNDLE_IDENTIFIER = com.swaybody.pickleball;
				PRODUCT_NAME = "$(TARGET_NAME)";
				SWIFT_APPROACHABLE_CONCURRENCY = YES;
				SWIFT_DEFAULT_ACTOR_ISOLATION = MainActor;
				SWIFT_VERSION = 6.0;
				TARGETED_DEVICE_FAMILY = "1,2";
			};
			name = Release;
		};
/* End XCBuildConfiguration section */

/* Begin XCConfigurationList section */
		A3CL00012F60000000000001 /* Build configuration list for PBXProject "SwayBody" */ = {
			isa = XCConfigurationList;
			buildConfigurations = (
				A3BC00012F60000000000001 /* Debug */,
				A3BC00022F60000000000001 /* Release */,
			);
			defaultConfigurationIsVisible = 0;
			defaultConfigurationName = Release;
		};
		A3CL00022F60000000000001 /* Build configuration list for PBXNativeTarget "SwayBody" */ = {
			isa = XCConfigurationList;
			buildConfigurations = (
				A3BC00032F60000000000001 /* Debug */,
				A3BC00042F60000000000001 /* Release */,
			);
			defaultConfigurationIsVisible = 0;
			defaultConfigurationName = Release;
		};
/* End XCConfigurationList section */

/* Begin XCLocalSwiftPackageReference section */
		A3PK00012F60000000000001 /* XCLocalSwiftPackageReference "." */ = {
			isa = XCLocalSwiftPackageReference;
			relativePath = .;
		};
/* End XCLocalSwiftPackageReference section */

/* Begin XCSwiftPackageProductDependency section */
		A3PD00012F60000000000001 /* SwayCore */ = {
			isa = XCSwiftPackageProductDependency;
			package = A3PK00012F60000000000001 /* XCLocalSwiftPackageReference "." */;
			productName = SwayCore;
		};
		A3PD00022F60000000000001 /* SwayCapture */ = {
			isa = XCSwiftPackageProductDependency;
			package = A3PK00012F60000000000001 /* XCLocalSwiftPackageReference "." */;
			productName = SwayCapture;
		};
		A3PD00032F60000000000001 /* SwayCalibration */ = {
			isa = XCSwiftPackageProductDependency;
			package = A3PK00012F60000000000001 /* XCLocalSwiftPackageReference "." */;
			productName = SwayCalibration;
		};
		A3PD00042F60000000000001 /* SwayFastTier */ = {
			isa = XCSwiftPackageProductDependency;
			package = A3PK00012F60000000000001 /* XCLocalSwiftPackageReference "." */;
			productName = SwayFastTier;
		};
		A3PD00052F60000000000001 /* SwayGuidance */ = {
			isa = XCSwiftPackageProductDependency;
			package = A3PK00012F60000000000001 /* XCLocalSwiftPackageReference "." */;
			productName = SwayGuidance;
		};
		A3PD00062F60000000000001 /* SwayUpload */ = {
			isa = XCSwiftPackageProductDependency;
			package = A3PK00012F60000000000001 /* XCLocalSwiftPackageReference "." */;
			productName = SwayUpload;
		};
		A3PD00072F60000000000001 /* SwayReplay */ = {
			isa = XCSwiftPackageProductDependency;
			package = A3PK00012F60000000000001 /* XCLocalSwiftPackageReference "." */;
			productName = SwayReplay;
		};
/* End XCSwiftPackageProductDependency section */
	};
	rootObject = A3PR00012F60000000000001 /* Project object */;
}
